// !$*UTF8*$!
{
	archiveVersion = 1;
	classes = {
	};
	objectVersion = 56;
	objects = {

/* Begin PBXBuildFile section */
		39377DEF7787090198AC7928 /* Pods_Note_App_iOS_Note_App_iOSUITests.framework in Frameworks */ = {isa = PBXBuildFile; fileRef = 3ED179C3D687CCFDC9C9B537 /* Pods_Note_App_iOS_Note_App_iOSUITests.framework */; };
		7284459C9500C845C09D1DBB /* Pods_Note_App_iOSTests.framework in Frameworks */ = {isa = PBXBuildFile; fileRef = ACD2FAF302C4EAA9E43B1D0C /* Pods_Note_App_iOSTests.framework */; };
		A5B4F0E52C0A3E7A004F176F /* Note_App_iOSApp.swift in Sources */ = {isa = PBXBuildFile; fileRef = A5B4F0E42C0A3E7A004F176F /* Note_App_iOSApp.swift */; };
		A5B4F0E72C0A3E7A004F176F /* ContentView.swift in Sources */ = {isa = PBXBuildFile; fileRef = A5B4F0E62C0A3E7A004F176F /* ContentView.swift */; };
		A5B4F0E92C0A3E7B004F176F /* Assets.xcassets in Resources */ = {isa = PBXBuildFile; fileRef = A5B4F0E82C0A3E7B004F176F /* Assets.xcassets */; };
		A5B4F0EC2C0A3E7B004F176F /* Preview Assets.xcassets in Resources */ = {isa = PBXBuildFile; fileRef = A5B4F0EB2C0A3E7B004F176F /* Preview Assets.xcassets */; };
		A5B4F0F62C0A3E7B004F176F /* Note_App_iOSTests.swift in Sources */ = {isa = PBXBuildFile; fileRef = A5B4F0F52C0A3E7B004F176F /* Note_App_iOSTests.swift */; };
		A5B4F1002C0A3E7B004F176F /* Note_App_iOSUITests.swift in Sources */ = {isa = PBXBuildFile; fileRef = A5B4F0FF2C0A3E7B004F176F /* Note_App_iOSUITests.swift */; };
		A5B4F1022C0A3E7B004F176F /* Note_App_iOSUITestsLaunchTests.swift in Sources */ = {isa = PBXBuildFile; fileRef = A5B4F1012C0A3E7B004F176F /* Note_App_iOSUITestsLaunchTests.swift */; };
		A5B63F612C0A466D008DB043 /* NetworkServices.swift in Sources */ = {isa = PBXBuildFile; fileRef = A5B63F602C0A466D008DB043 /* NetworkServices.swift */; };
		A5B63F632C0A4AC3008DB043 /* NetworkResolver.swift in Sources */ = {isa = PBXBuildFile; fileRef = A5B63F622C0A4AC3008DB043 /* NetworkResolver.swift */; };
		E52007E76F1F49945A89723E /* Pods_Note_App_iOS.framework in Frameworks */ = {isa = PBXBuildFile; fileRef = A22FC76CA25E5D16290AE966 /* Pods_Note_App_iOS.framework */; };
/* End PBXBuildFile section */

/* Begin PBXContainerItemProxy section */
		A5B4F0F22C0A3E7B004F176F /* PBXContainerItemProxy */ = {
			isa = PBXContainerItemProxy;
			containerPortal = A5B4F0D92C0A3E7A004F176F /* Project object */;
			proxyType = 1;
			remoteGlobalIDString = A5B4F0E02C0A3E7A004F176F;
			remoteInfo = "Note-App-iOS";
		};
		A5B4F0FC2C0A3E7B004F176F /* PBXContainerItemProxy */ = {
			isa = PBXContainerItemProxy;
			containerPortal = A5B4F0D92C0A3E7A004F176F /* Project object */;
			proxyType = 1;
			remoteGlobalIDString = A5B4F0E02C0A3E7A004F176F;
			remoteInfo = "Note-App-iOS";
		};
/* End PBXContainerItemProxy section */

/* Begin PBXFileReference section */
		284AC1F1AD19290F215A32BA /* Pods-Note-App-iOSTests.release.xcconfig */ = {isa = PBXFileReference; includeInIndex = 1; lastKnownFileType = text.xcconfig; name = "Pods-Note-App-iOSTests.release.xcconfig"; path = "Target Support Files/Pods-Note-App-iOSTests/Pods-Note-App-iOSTests.release.xcconfig"; sourceTree = "<group>"; };
		3ACB9CA0E30C9FAE27965043 /* Pods-Note-App-iOS.debug.xcconfig */ = {isa = PBXFileReference; includeInIndex = 1; lastKnownFileType = text.xcconfig; name = "Pods-Note-App-iOS.debug.xcconfig"; path = "Target Support Files/Pods-Note-App-iOS/Pods-Note-App-iOS.debug.xcconfig"; sourceTree = "<group>"; };
		3ED179C3D687CCFDC9C9B537 /* Pods_Note_App_iOS_Note_App_iOSUITests.framework */ = {isa = PBXFileReference; explicitFileType = wrapper.framework; includeInIndex = 0; path = Pods_Note_App_iOS_Note_App_iOSUITests.framework; sourceTree = BUILT_PRODUCTS_DIR; };
		52608CC8662F305E9CA521E1 /* Pods-Note-App-iOS-Note-App-iOSUITests.release.xcconfig */ = {isa = PBXFileReference; includeInIndex = 1; lastKnownFileType = text.xcconfig; name = "Pods-Note-App-iOS-Note-App-iOSUITests.release.xcconfig"; path = "Target Support Files/Pods-Note-App-iOS-Note-App-iOSUITests/Pods-Note-App-iOS-Note-App-iOSUITests.release.xcconfig"; sourceTree = "<group>"; };
		7E0C1101B4A7C44FEDD19A12 /* Pods-Note-App-iOS-Note-App-iOSUITests.debug.xcconfig */ = {isa = PBXFileReference; includeInIndex = 1; lastKnownFileType = text.xcconfig; name = "Pods-Note-App-iOS-Note-App-iOSUITests.debug.xcconfig"; path = "Target Support Files/Pods-Note-App-iOS-Note-App-iOSUITests/Pods-Note-App-iOS-Note-App-iOSUITests.debug.xcconfig"; sourceTree = "<group>"; };
		8DEAFA117D7860F9CB4F38A5 /* Pods-Note-App-iOS.release.xcconfig */ = {isa = PBXFileReference; includeInIndex = 1; lastKnownFileType = text.xcconfig; name = "Pods-Note-App-iOS.release.xcconfig"; path = "Target Support Files/Pods-Note-App-iOS/Pods-Note-App-iOS.release.xcconfig"; sourceTree = "<group>"; };
		A22FC76CA25E5D16290AE966 /* Pods_Note_App_iOS.framework */ = {isa = PBXFileReference; explicitFileType = wrapper.framework; includeInIndex = 0; path = Pods_Note_App_iOS.framework; sourceTree = BUILT_PRODUCTS_DIR; };
		A5B4F0E12C0A3E7A004F176F /* Note-App-iOS.app */ = {isa = PBXFileReference; explicitFileType = wrapper.application; includeInIndex = 0; path = "Note-App-iOS.app"; sourceTree = BUILT_PRODUCTS_DIR; };
		A5B4F0E42C0A3E7A004F176F /* Note_App_iOSApp.swift */ = {isa = PBXFileReference; lastKnownFileType = sourcecode.swift; path = Note_App_iOSApp.swift; sourceTree = "<group>"; };
		A5B4F0E62C0A3E7A004F176F /* ContentView.swift */ = {isa = PBXFileReference; lastKnownFileType = sourcecode.swift; path = ContentView.swift; sourceTree = "<group>"; };
		A5B4F0E82C0A3E7B004F176F /* Assets.xcassets */ = {isa = PBXFileReference; lastKnownFileType = folder.assetcatalog; path = Assets.xcassets; sourceTree = "<group>"; };
		A5B4F0EB2C0A3E7B004F176F /* Preview Assets.xcassets */ = {isa = PBXFileReference; lastKnownFileType = folder.assetcatalog; path = "Preview Assets.xcassets"; sourceTree = "<group>"; };
		A5B4F0F12C0A3E7B004F176F /* Note-App-iOSTests.xctest */ = {isa = PBXFileReference; explicitFileType = wrapper.cfbundle; includeInIndex = 0; path = "Note-App-iOSTests.xctest"; sourceTree = BUILT_PRODUCTS_DIR; };
		A5B4F0F52C0A3E7B004F176F /* Note_App_iOSTests.swift */ = {isa = PBXFileReference; lastKnownFileType = sourcecode.swift; path = Note_App_iOSTests.swift; sourceTree = "<group>"; };
		A5B4F0FB2C0A3E7B004F176F /* Note-App-iOSUITests.xctest */ = {isa = PBXFileReference; explicitFileType = wrapper.cfbundle; includeInIndex = 0; path = "Note-App-iOSUITests.xctest"; sourceTree = BUILT_PRODUCTS_DIR; };
		A5B4F0FF2C0A3E7B004F176F /* Note_App_iOSUITests.swift */ = {isa = PBXFileReference; lastKnownFileType = sourcecode.swift; path = Note_App_iOSUITests.swift; sourceTree = "<group>"; };
		A5B4F1012C0A3E7B004F176F /* Note_App_iOSUITestsLaunchTests.swift */ = {isa = PBXFileReference; lastKnownFileType = sourcecode.swift; path = Note_App_iOSUITestsLaunchTests.swift; sourceTree = "<group>"; };
		A5B63F602C0A466D008DB043 /* NetworkServices.swift */ = {isa = PBXFileReference; lastKnownFileType = sourcecode.swift; path = NetworkServices.swift; sourceTree = "<group>"; };
		A5B63F622C0A4AC3008DB043 /* NetworkResolver.swift */ = {isa = PBXFileReference; lastKnownFileType = sourcecode.swift; path = NetworkResolver.swift; sourceTree = "<group>"; };
		ACD2FAF302C4EAA9E43B1D0C /* Pods_Note_App_iOSTests.framework */ = {isa = PBXFileReference; explicitFileType = wrapper.framework; includeInIndex = 0; path = Pods_Note_App_iOSTests.framework; sourceTree = BUILT_PRODUCTS_DIR; };
		F0A3C22E951364C644BAA16E /* Pods-Note-App-iOSTests.debug.xcconfig */ = {isa = PBXFileReference; includeInIndex = 1; lastKnownFileType = text.xcconfig; name = "Pods-Note-App-iOSTests.debug.xcconfig"; path = "Target Support Files/Pods-Note-App-iOSTests/Pods-Note-App-iOSTests.debug.xcconfig"; sourceTree = "<group>"; };
/* End PBXFileReference section */

/* Begin PBXFrameworksBuildPhase section */
		A5B4F0DE2C0A3E7A004F176F /* Frameworks */ = {
			isa = PBXFrameworksBuildPhase;
			buildActionMask = 2147483647;
			files = (
				E52007E76F1F49945A89723E /* Pods_Note_App_iOS.framework in Frameworks */,
			);
			runOnlyForDeploymentPostprocessing = 0;
		};
		A5B4F0EE2C0A3E7B004F176F /* Frameworks */ = {
			isa = PBXFrameworksBuildPhase;
			buildActionMask = 2147483647;
			files = (
				7284459C9500C845C09D1DBB /* Pods_Note_App_iOSTests.framework in Frameworks */,
			);
			runOnlyForDeploymentPostprocessing = 0;
		};
		A5B4F0F82C0A3E7B004F176F /* Frameworks */ = {
			isa = PBXFrameworksBuildPhase;
			buildActionMask = 2147483647;
			files = (
				39377DEF7787090198AC7928 /* Pods_Note_App_iOS_Note_App_iOSUITests.framework in Frameworks */,
			);
			runOnlyForDeploymentPostprocessing = 0;
		};
/* End PBXFrameworksBuildPhase section */

/* Begin PBXGroup section */
		8DB3A6E50373404C3BA6763B /* Pods */ = {
			isa = PBXGroup;
			children = (
				3ACB9CA0E30C9FAE27965043 /* Pods-Note-App-iOS.debug.xcconfig */,
				8DEAFA117D7860F9CB4F38A5 /* Pods-Note-App-iOS.release.xcconfig */,
				7E0C1101B4A7C44FEDD19A12 /* Pods-Note-App-iOS-Note-App-iOSUITests.debug.xcconfig */,
				52608CC8662F305E9CA521E1 /* Pods-Note-App-iOS-Note-App-iOSUITests.release.xcconfig */,
				F0A3C22E951364C644BAA16E /* Pods-Note-App-iOSTests.debug.xcconfig */,
				284AC1F1AD19290F215A32BA /* Pods-Note-App-iOSTests.release.xcconfig */,
			);
			path = Pods;
			sourceTree = "<group>";
		};
		A5B4F0D82C0A3E7A004F176F = {
			isa = PBXGroup;
			children = (
				A5B4F0E32C0A3E7A004F176F /* Note-App-iOS */,
				A5B4F0F42C0A3E7B004F176F /* Note-App-iOSTests */,
				A5B4F0FE2C0A3E7B004F176F /* Note-App-iOSUITests */,
				A5B4F0E22C0A3E7A004F176F /* Products */,
				8DB3A6E50373404C3BA6763B /* Pods */,
				DC38F264D2EAB8D3D347DD80 /* Frameworks */,
			);
			sourceTree = "<group>";
		};
		A5B4F0E22C0A3E7A004F176F /* Products */ = {
			isa = PBXGroup;
			children = (
				A5B4F0E12C0A3E7A004F176F /* Note-App-iOS.app */,
				A5B4F0F12C0A3E7B004F176F /* Note-App-iOSTests.xctest */,
				A5B4F0FB2C0A3E7B004F176F /* Note-App-iOSUITests.xctest */,
			);
			name = Products;
			sourceTree = "<group>";
		};
		A5B4F0E32C0A3E7A004F176F /* Note-App-iOS */ = {
			isa = PBXGroup;
			children = (
				A5B63F5E2C0A410D008DB043 /* Networking */,
				A5B63F5D2C0A40F1008DB043 /* Components */,
				A5B63F5C2C0A4051008DB043 /* Views */,
				A5B4F0EA2C0A3E7B004F176F /* Preview Content */,
			);
			path = "Note-App-iOS";
			sourceTree = "<group>";
		};
		A5B4F0EA2C0A3E7B004F176F /* Preview Content */ = {
			isa = PBXGroup;
			children = (
				A5B4F0EB2C0A3E7B004F176F /* Preview Assets.xcassets */,
			);
			path = "Preview Content";
			sourceTree = "<group>";
		};
		A5B4F0F42C0A3E7B004F176F /* Note-App-iOSTests */ = {
			isa = PBXGroup;
			children = (
				A5B4F0F52C0A3E7B004F176F /* Note_App_iOSTests.swift */,
			);
			path = "Note-App-iOSTests";
			sourceTree = "<group>";
		};
		A5B4F0FE2C0A3E7B004F176F /* Note-App-iOSUITests */ = {
			isa = PBXGroup;
			children = (
				A5B4F0FF2C0A3E7B004F176F /* Note_App_iOSUITests.swift */,
				A5B4F1012C0A3E7B004F176F /* Note_App_iOSUITestsLaunchTests.swift */,
			);
			path = "Note-App-iOSUITests";
			sourceTree = "<group>";
		};
		A5B63F5C2C0A4051008DB043 /* Views */ = {
			isa = PBXGroup;
			children = (
				A5B4F0E42C0A3E7A004F176F /* Note_App_iOSApp.swift */,
				A5B4F0E62C0A3E7A004F176F /* ContentView.swift */,
			);
			path = Views;
			sourceTree = "<group>";
		};
		A5B63F5D2C0A40F1008DB043 /* Components */ = {
			isa = PBXGroup;
			children = (
				A5B4F0E82C0A3E7B004F176F /* Assets.xcassets */,
			);
			path = Components;
			sourceTree = "<group>";
		};
		A5B63F5E2C0A410D008DB043 /* Networking */ = {
			isa = PBXGroup;
			children = (
				A5B63F602C0A466D008DB043 /* NetworkServices.swift */,
				A5B63F622C0A4AC3008DB043 /* NetworkResolver.swift */,
			);
			path = Networking;
			sourceTree = "<group>";
		};
		DC38F264D2EAB8D3D347DD80 /* Frameworks */ = {
			isa = PBXGroup;
			children = (
				A22FC76CA25E5D16290AE966 /* Pods_Note_App_iOS.framework */,
				3ED179C3D687CCFDC9C9B537 /* Pods_Note_App_iOS_Note_App_iOSUITests.framework */,
				ACD2FAF302C4EAA9E43B1D0C /* Pods_Note_App_iOSTests.framework */,
			);
			name = Frameworks;
			sourceTree = "<group>";
		};
/* End PBXGroup section */

/* Begin PBXNativeTarget section */
		A5B4F0E02C0A3E7A004F176F /* Note-App-iOS */ = {
			isa = PBXNativeTarget;
			buildConfigurationList = A5B4F1052C0A3E7B004F176F /* Build configuration list for PBXNativeTarget "Note-App-iOS" */;
			buildPhases = (
				05218F3126FE52059A28E41F /* [CP] Check Pods Manifest.lock */,
				A5B4F0DD2C0A3E7A004F176F /* Sources */,
				A5B4F0DE2C0A3E7A004F176F /* Frameworks */,
				A5B4F0DF2C0A3E7A004F176F /* Resources */,
				3DBD806EF1893884286E2EC6 /* [CP] Embed Pods Frameworks */,
			);
			buildRules = (
			);
			dependencies = (
			);
			name = "Note-App-iOS";
			productName = "Note-App-iOS";
			productReference = A5B4F0E12C0A3E7A004F176F /* Note-App-iOS.app */;
			productType = "com.apple.product-type.application";
		};
		A5B4F0F02C0A3E7B004F176F /* Note-App-iOSTests */ = {
			isa = PBXNativeTarget;
			buildConfigurationList = A5B4F1082C0A3E7B004F176F /* Build configuration list for PBXNativeTarget "Note-App-iOSTests" */;
			buildPhases = (
				4ABDBC75A620B8F63DE3AF7C /* [CP] Check Pods Manifest.lock */,
				A5B4F0ED2C0A3E7B004F176F /* Sources */,
				A5B4F0EE2C0A3E7B004F176F /* Frameworks */,
				A5B4F0EF2C0A3E7B004F176F /* Resources */,
				5E8DFCEE83E9BA67100017C3 /* [CP] Embed Pods Frameworks */,
			);
			buildRules = (
			);
			dependencies = (
				A5B4F0F32C0A3E7B004F176F /* PBXTargetDependency */,
			);
			name = "Note-App-iOSTests";
			productName = "Note-App-iOSTests";
			productReference = A5B4F0F12C0A3E7B004F176F /* Note-App-iOSTests.xctest */;
			productType = "com.apple.product-type.bundle.unit-test";
		};
		A5B4F0FA2C0A3E7B004F176F /* Note-App-iOSUITests */ = {
			isa = PBXNativeTarget;
			buildConfigurationList = A5B4F10B2C0A3E7B004F176F /* Build configuration list for PBXNativeTarget "Note-App-iOSUITests" */;
			buildPhases = (
				FB127D295976B51B4FD3E191 /* [CP] Check Pods Manifest.lock */,
				A5B4F0F72C0A3E7B004F176F /* Sources */,
				A5B4F0F82C0A3E7B004F176F /* Frameworks */,
				A5B4F0F92C0A3E7B004F176F /* Resources */,
				131CA1B53217A2E5B32542E6 /* [CP] Embed Pods Frameworks */,
			);
			buildRules = (
			);
			dependencies = (
				A5B4F0FD2C0A3E7B004F176F /* PBXTargetDependency */,
			);
			name = "Note-App-iOSUITests";
			productName = "Note-App-iOSUITests";
			productReference = A5B4F0FB2C0A3E7B004F176F /* Note-App-iOSUITests.xctest */;
			productType = "com.apple.product-type.bundle.ui-testing";
		};
/* End PBXNativeTarget section */

/* Begin PBXProject section */
		A5B4F0D92C0A3E7A004F176F /* Project object */ = {
			isa = PBXProject;
			attributes = {
				BuildIndependentTargetsInParallel = 1;
				LastSwiftUpdateCheck = 1500;
				LastUpgradeCheck = 1500;
				TargetAttributes = {
					A5B4F0E02C0A3E7A004F176F = {
						CreatedOnToolsVersion = 15.0.1;
					};
					A5B4F0F02C0A3E7B004F176F = {
						CreatedOnToolsVersion = 15.0.1;
						TestTargetID = A5B4F0E02C0A3E7A004F176F;
					};
					A5B4F0FA2C0A3E7B004F176F = {
						CreatedOnToolsVersion = 15.0.1;
						TestTargetID = A5B4F0E02C0A3E7A004F176F;
					};
				};
			};
			buildConfigurationList = A5B4F0DC2C0A3E7A004F176F /* Build configuration list for PBXProject "Note-App-iOS" */;
			compatibilityVersion = "Xcode 14.0";
			developmentRegion = en;
			hasScannedForEncodings = 0;
			knownRegions = (
				en,
				Base,
			);
			mainGroup = A5B4F0D82C0A3E7A004F176F;
			productRefGroup = A5B4F0E22C0A3E7A004F176F /* Products */;
			projectDirPath = "";
			projectRoot = "";
			targets = (
				A5B4F0E02C0A3E7A004F176F /* Note-App-iOS */,
				A5B4F0F02C0A3E7B004F176F /* Note-App-iOSTests */,
				A5B4F0FA2C0A3E7B004F176F /* Note-App-iOSUITests */,
			);
		};
/* End PBXProject section */

/* Begin PBXResourcesBuildPhase section */
		A5B4F0DF2C0A3E7A004F176F /* Resources */ = {
			isa = PBXResourcesBuildPhase;
			buildActionMask = 2147483647;
			files = (
				A5B4F0EC2C0A3E7B004F176F /* Preview Assets.xcassets in Resources */,
				A5B4F0E92C0A3E7B004F176F /* Assets.xcassets in Resources */,
			);
			runOnlyForDeploymentPostprocessing = 0;
		};
		A5B4F0EF2C0A3E7B004F176F /* Resources */ = {
			isa = PBXResourcesBuildPhase;
			buildActionMask = 2147483647;
			files = (
			);
			runOnlyForDeploymentPostprocessing = 0;
		};
		A5B4F0F92C0A3E7B004F176F /* Resources */ = {
			isa = PBXResourcesBuildPhase;
			buildActionMask = 2147483647;
			files = (
			);
			runOnlyForDeploymentPostprocessing = 0;
		};
/* End PBXResourcesBuildPhase section */

/* Begin PBXShellScriptBuildPhase section */
		05218F3126FE52059A28E41F /* [CP] Check Pods Manifest.lock */ = {
			isa = PBXShellScriptBuildPhase;
			buildActionMask = 2147483647;
			files = (
			);
			inputFileListPaths = (
			);
			inputPaths = (
				"${PODS_PODFILE_DIR_PATH}/Podfile.lock",
				"${PODS_ROOT}/Manifest.lock",
			);
			name = "[CP] Check Pods Manifest.lock";
			outputFileListPaths = (
			);
			outputPaths = (
				"$(DERIVED_FILE_DIR)/Pods-Note-App-iOS-checkManifestLockResult.txt",
			);
			runOnlyForDeploymentPostprocessing = 0;
			shellPath = /bin/sh;
			shellScript = "diff \"${PODS_PODFILE_DIR_PATH}/Podfile.lock\" \"${PODS_ROOT}/Manifest.lock\" > /dev/null\nif [ $? != 0 ] ; then\n    # print error to STDERR\n    echo \"error: The sandbox is not in sync with the Podfile.lock. Run 'pod install' or update your CocoaPods installation.\" >&2\n    exit 1\nfi\n# This output is used by Xcode 'outputs' to avoid re-running this script phase.\necho \"SUCCESS\" > \"${SCRIPT_OUTPUT_FILE_0}\"\n";
			showEnvVarsInLog = 0;
		};
		131CA1B53217A2E5B32542E6 /* [CP] Embed Pods Frameworks */ = {
			isa = PBXShellScriptBuildPhase;
			buildActionMask = 2147483647;
			files = (
			);
			inputFileListPaths = (
				"${PODS_ROOT}/Target Support Files/Pods-Note-App-iOS-Note-App-iOSUITests/Pods-Note-App-iOS-Note-App-iOSUITests-frameworks-${CONFIGURATION}-input-files.xcfilelist",
			);
			name = "[CP] Embed Pods Frameworks";
			outputFileListPaths = (
				"${PODS_ROOT}/Target Support Files/Pods-Note-App-iOS-Note-App-iOSUITests/Pods-Note-App-iOS-Note-App-iOSUITests-frameworks-${CONFIGURATION}-output-files.xcfilelist",
			);
			runOnlyForDeploymentPostprocessing = 0;
			shellPath = /bin/sh;
			shellScript = "\"${PODS_ROOT}/Target Support Files/Pods-Note-App-iOS-Note-App-iOSUITests/Pods-Note-App-iOS-Note-App-iOSUITests-frameworks.sh\"\n";
			showEnvVarsInLog = 0;
		};
		3DBD806EF1893884286E2EC6 /* [CP] Embed Pods Frameworks */ = {
			isa = PBXShellScriptBuildPhase;
			buildActionMask = 2147483647;
			files = (
			);
			inputFileListPaths = (
				"${PODS_ROOT}/Target Support Files/Pods-Note-App-iOS/Pods-Note-App-iOS-frameworks-${CONFIGURATION}-input-files.xcfilelist",
			);
			name = "[CP] Embed Pods Frameworks";
			outputFileListPaths = (
				"${PODS_ROOT}/Target Support Files/Pods-Note-App-iOS/Pods-Note-App-iOS-frameworks-${CONFIGURATION}-output-files.xcfilelist",
			);
			runOnlyForDeploymentPostprocessing = 0;
			shellPath = /bin/sh;
			shellScript = "\"${PODS_ROOT}/Target Support Files/Pods-Note-App-iOS/Pods-Note-App-iOS-frameworks.sh\"\n";
			showEnvVarsInLog = 0;
		};
		4ABDBC75A620B8F63DE3AF7C /* [CP] Check Pods Manifest.lock */ = {
			isa = PBXShellScriptBuildPhase;
			buildActionMask = 2147483647;
			files = (
			);
			inputFileListPaths = (
			);
			inputPaths = (
				"${PODS_PODFILE_DIR_PATH}/Podfile.lock",
				"${PODS_ROOT}/Manifest.lock",
			);
			name = "[CP] Check Pods Manifest.lock";
			outputFileListPaths = (
			);
			outputPaths = (
				"$(DERIVED_FILE_DIR)/Pods-Note-App-iOSTests-checkManifestLockResult.txt",
			);
			runOnlyForDeploymentPostprocessing = 0;
			shellPath = /bin/sh;
			shellScript = "diff \"${PODS_PODFILE_DIR_PATH}/Podfile.lock\" \"${PODS_ROOT}/Manifest.lock\" > /dev/null\nif [ $? != 0 ] ; then\n    # print error to STDERR\n    echo \"error: The sandbox is not in sync with the Podfile.lock. Run 'pod install' or update your CocoaPods installation.\" >&2\n    exit 1\nfi\n# This output is used by Xcode 'outputs' to avoid re-running this script phase.\necho \"SUCCESS\" > \"${SCRIPT_OUTPUT_FILE_0}\"\n";
			showEnvVarsInLog = 0;
		};
		5E8DFCEE83E9BA67100017C3 /* [CP] Embed Pods Frameworks */ = {
			isa = PBXShellScriptBuildPhase;
			buildActionMask = 2147483647;
			files = (
			);
			inputFileListPaths = (
				"${PODS_ROOT}/Target Support Files/Pods-Note-App-iOSTests/Pods-Note-App-iOSTests-frameworks-${CONFIGURATION}-input-files.xcfilelist",
			);
			name = "[CP] Embed Pods Frameworks";
			outputFileListPaths = (
				"${PODS_ROOT}/Target Support Files/Pods-Note-App-iOSTests/Pods-Note-App-iOSTests-frameworks-${CONFIGURATION}-output-files.xcfilelist",
			);
			runOnlyForDeploymentPostprocessing = 0;
			shellPath = /bin/sh;
			shellScript = "\"${PODS_ROOT}/Target Support Files/Pods-Note-App-iOSTests/Pods-Note-App-iOSTests-frameworks.sh\"\n";
			showEnvVarsInLog = 0;
		};
		FB127D295976B51B4FD3E191 /* [CP] Check Pods Manifest.lock */ = {
			isa = PBXShellScriptBuildPhase;
			buildActionMask = 2147483647;
			files = (
			);
			inputFileListPaths = (
			);
			inputPaths = (
				"${PODS_PODFILE_DIR_PATH}/Podfile.lock",
				"${PODS_ROOT}/Manifest.lock",
			);
			name = "[CP] Check Pods Manifest.lock";
			outputFileListPaths = (
			);
			outputPaths = (
				"$(DERIVED_FILE_DIR)/Pods-Note-App-iOS-Note-App-iOSUITests-checkManifestLockResult.txt",
			);
			runOnlyForDeploymentPostprocessing = 0;
			shellPath = /bin/sh;
			shellScript = "diff \"${PODS_PODFILE_DIR_PATH}/Podfile.lock\" \"${PODS_ROOT}/Manifest.lock\" > /dev/null\nif [ $? != 0 ] ; then\n    # print error to STDERR\n    echo \"error: The sandbox is not in sync with the Podfile.lock. Run 'pod install' or update your CocoaPods installation.\" >&2\n    exit 1\nfi\n# This output is used by Xcode 'outputs' to avoid re-running this script phase.\necho \"SUCCESS\" > \"${SCRIPT_OUTPUT_FILE_0}\"\n";
			showEnvVarsInLog = 0;
		};
/* End PBXShellScriptBuildPhase section */

/* Begin PBXSourcesBuildPhase section */
		A5B4F0DD2C0A3E7A004F176F /* Sources */ = {
			isa = PBXSourcesBuildPhase;
			buildActionMask = 2147483647;
			files = (
				A5B63F632C0A4AC3008DB043 /* NetworkResolver.swift in Sources */,
				A5B63F612C0A466D008DB043 /* NetworkServices.swift in Sources */,
				A5B4F0E72C0A3E7A004F176F /* ContentView.swift in Sources */,
				A5B4F0E52C0A3E7A004F176F /* Note_App_iOSApp.swift in Sources */,
			);
			runOnlyForDeploymentPostprocessing = 0;
		};
		A5B4F0ED2C0A3E7B004F176F /* Sources */ = {
			isa = PBXSourcesBuildPhase;
			buildActionMask = 2147483647;
			files = (
				A5B4F0F62C0A3E7B004F176F /* Note_App_iOSTests.swift in Sources */,
			);
			runOnlyForDeploymentPostprocessing = 0;
		};
		A5B4F0F72C0A3E7B004F176F /* Sources */ = {
			isa = PBXSourcesBuildPhase;
			buildActionMask = 2147483647;
			files = (
				A5B4F1022C0A3E7B004F176F /* Note_App_iOSUITestsLaunchTests.swift in Sources */,
				A5B4F1002C0A3E7B004F176F /* Note_App_iOSUITests.swift in Sources */,
			);
			runOnlyForDeploymentPostprocessing = 0;
		};
/* End PBXSourcesBuildPhase section */

/* Begin PBXTargetDependency section */
		A5B4F0F32C0A3E7B004F176F /* PBXTargetDependency */ = {
			isa = PBXTargetDependency;
			target = A5B4F0E02C0A3E7A004F176F /* Note-App-iOS */;
			targetProxy = A5B4F0F22C0A3E7B004F176F /* PBXContainerItemProxy */;
		};
		A5B4F0FD2C0A3E7B004F176F /* PBXTargetDependency */ = {
			isa = PBXTargetDependency;
			target = A5B4F0E02C0A3E7A004F176F /* Note-App-iOS */;
			targetProxy = A5B4F0FC2C0A3E7B004F176F /* PBXContainerItemProxy */;
		};
/* End PBXTargetDependency section */

/* Begin XCBuildConfiguration section */
		A5B4F1032C0A3E7B004F176F /* Debug */ = {
			isa = XCBuildConfiguration;
			buildSettings = {
				ALWAYS_SEARCH_USER_PATHS = NO;
				ASSETCATALOG_COMPILER_GENERATE_SWIFT_ASSET_SYMBOL_EXTENSIONS = YES;
				CLANG_ANALYZER_NONNULL = YES;
				CLANG_ANALYZER_NUMBER_OBJECT_CONVERSION = YES_AGGRESSIVE;
				CLANG_CXX_LANGUAGE_STANDARD = "gnu++20";
				CLANG_ENABLE_MODULES = YES;
				CLANG_ENABLE_OBJC_ARC = YES;
				CLANG_ENABLE_OBJC_WEAK = YES;
				CLANG_WARN_BLOCK_CAPTURE_AUTORELEASING = YES;
				CLANG_WARN_BOOL_CONVERSION = YES;
				CLANG_WARN_COMMA = YES;
				CLANG_WARN_CONSTANT_CONVERSION = YES;
				CLANG_WARN_DEPRECATED_OBJC_IMPLEMENTATIONS = YES;
				CLANG_WARN_DIRECT_OBJC_ISA_USAGE = YES_ERROR;
				CLANG_WARN_DOCUMENTATION_COMMENTS = YES;
				CLANG_WARN_EMPTY_BODY = YES;
				CLANG_WARN_ENUM_CONVERSION = YES;
				CLANG_WARN_INFINITE_RECURSION = YES;
				CLANG_WARN_INT_CONVERSION = YES;
				CLANG_WARN_NON_LITERAL_NULL_CONVERSION = YES;
				CLANG_WARN_OBJC_IMPLICIT_RETAIN_SELF = YES;
				CLANG_WARN_OBJC_LITERAL_CONVERSION = YES;
				CLANG_WARN_OBJC_ROOT_CLASS = YES_ERROR;
				CLANG_WARN_QUOTED_INCLUDE_IN_FRAMEWORK_HEADER = YES;
				CLANG_WARN_RANGE_LOOP_ANALYSIS = YES;
				CLANG_WARN_STRICT_PROTOTYPES = YES;
				CLANG_WARN_SUSPICIOUS_MOVE = YES;
				CLANG_WARN_UNGUARDED_AVAILABILITY = YES_AGGRESSIVE;
				CLANG_WARN_UNREACHABLE_CODE = YES;
				CLANG_WARN__DUPLICATE_METHOD_MATCH = YES;
				COPY_PHASE_STRIP = NO;
				DEBUG_INFORMATION_FORMAT = dwarf;
				ENABLE_STRICT_OBJC_MSGSEND = YES;
				ENABLE_TESTABILITY = YES;
				ENABLE_USER_SCRIPT_SANDBOXING = NO;
				GCC_C_LANGUAGE_STANDARD = gnu17;
				GCC_DYNAMIC_NO_PIC = NO;
				GCC_NO_COMMON_BLOCKS = YES;
				GCC_OPTIMIZATION_LEVEL = 0;
				GCC_PREPROCESSOR_DEFINITIONS = (
					"DEBUG=1",
					"$(inherited)",
				);
				GCC_WARN_64_TO_32_BIT_CONVERSION = YES;
				GCC_WARN_ABOUT_RETURN_TYPE = YES_ERROR;
				GCC_WARN_UNDECLARED_SELECTOR = YES;
				GCC_WARN_UNINITIALIZED_AUTOS = YES_AGGRESSIVE;
				GCC_WARN_UNUSED_FUNCTION = YES;
				GCC_WARN_UNUSED_VARIABLE = YES;
				IPHONEOS_DEPLOYMENT_TARGET = 17.0;
				LOCALIZATION_PREFERS_STRING_CATALOGS = YES;
				MTL_ENABLE_DEBUG_INFO = INCLUDE_SOURCE;
				MTL_FAST_MATH = YES;
				ONLY_ACTIVE_ARCH = YES;
				SDKROOT = iphoneos;
				SWIFT_ACTIVE_COMPILATION_CONDITIONS = "DEBUG $(inherited)";
				SWIFT_OPTIMIZATION_LEVEL = "-Onone";
			};
			name = Debug;
		};
		A5B4F1042C0A3E7B004F176F /* Release */ = {
			isa = XCBuildConfiguration;
			buildSettings = {
				ALWAYS_SEARCH_USER_PATHS = NO;
				ASSETCATALOG_COMPILER_GENERATE_SWIFT_ASSET_SYMBOL_EXTENSIONS = YES;
				CLANG_ANALYZER_NONNULL = YES;
				CLANG_ANALYZER_NUMBER_OBJECT_CONVERSION = YES_AGGRESSIVE;
				CLANG_CXX_LANGUAGE_STANDARD = "gnu++20";
				CLANG_ENABLE_MODULES = YES;
				CLANG_ENABLE_OBJC_ARC = YES;
				CLANG_ENABLE_OBJC_WEAK = YES;
				CLANG_WARN_BLOCK_CAPTURE_AUTORELEASING = YES;
				CLANG_WARN_BOOL_CONVERSION = YES;
				CLANG_WARN_COMMA = YES;
				CLANG_WARN_CONSTANT_CONVERSION = YES;
				CLANG_WARN_DEPRECATED_OBJC_IMPLEMENTATIONS = YES;
				CLANG_WARN_DIRECT_OBJC_ISA_USAGE = YES_ERROR;
				CLANG_WARN_DOCUMENTATION_COMMENTS = YES;
				CLANG_WARN_EMPTY_BODY = YES;
				CLANG_WARN_ENUM_CONVERSION = YES;
				CLANG_WARN_INFINITE_RECURSION = YES;
				CLANG_WARN_INT_CONVERSION = YES;
				CLANG_WARN_NON_LITERAL_NULL_CONVERSION = YES;
				CLANG_WARN_OBJC_IMPLICIT_RETAIN_SELF = YES;
				CLANG_WARN_OBJC_LITERAL_CONVERSION = YES;
				CLANG_WARN_OBJC_ROOT_CLASS = YES_ERROR;
				CLANG_WARN_QUOTED_INCLUDE_IN_FRAMEWORK_HEADER = YES;
				CLANG_WARN_RANGE_LOOP_ANALYSIS = YES;
				CLANG_WARN_STRICT_PROTOTYPES = YES;
				CLANG_WARN_SUSPICIOUS_MOVE = YES;
				CLANG_WARN_UNGUARDED_AVAILABILITY = YES_AGGRESSIVE;
				CLANG_WARN_UNREACHABLE_CODE = YES;
				CLANG_WARN__DUPLICATE_METHOD_MATCH = YES;
				COPY_PHASE_STRIP = NO;
				DEBUG_INFORMATION_FORMAT = "dwarf-with-dsym";
				ENABLE_NS_ASSERTIONS = NO;
				ENABLE_STRICT_OBJC_MSGSEND = YES;
				ENABLE_USER_SCRIPT_SANDBOXING = NO;
				GCC_C_LANGUAGE_STANDARD = gnu17;
				GCC_NO_COMMON_BLOCKS = YES;
				GCC_WARN_64_TO_32_BIT_CONVERSION = YES;
				GCC_WARN_ABOUT_RETURN_TYPE = YES_ERROR;
				GCC_WARN_UNDECLARED_SELECTOR = YES;
				GCC_WARN_UNINITIALIZED_AUTOS = YES_AGGRESSIVE;
				GCC_WARN_UNUSED_FUNCTION = YES;
				GCC_WARN_UNUSED_VARIABLE = YES;
				IPHONEOS_DEPLOYMENT_TARGET = 17.0;
				LOCALIZATION_PREFERS_STRING_CATALOGS = YES;
				MTL_ENABLE_DEBUG_INFO = NO;
				MTL_FAST_MATH = YES;
				SDKROOT = iphoneos;
				SWIFT_COMPILATION_MODE = wholemodule;
				VALIDATE_PRODUCT = YES;
			};
			name = Release;
		};
		A5B4F1062C0A3E7B004F176F /* Debug */ = {
			isa = XCBuildConfiguration;
			baseConfigurationReference = 3ACB9CA0E30C9FAE27965043 /* Pods-Note-App-iOS.debug.xcconfig */;
			buildSettings = {
				ASSETCATALOG_COMPILER_APPICON_NAME = AppIcon;
				ASSETCATALOG_COMPILER_GLOBAL_ACCENT_COLOR_NAME = AccentColor;
				CODE_SIGN_STYLE = Automatic;
				CURRENT_PROJECT_VERSION = 1;
				DEVELOPMENT_ASSET_PATHS = "\"Note-App-iOS/Preview Content\"";
				DEVELOPMENT_TEAM = 75VHUVZJF4;
				ENABLE_PREVIEWS = YES;
				ENABLE_USER_SCRIPT_SANDBOXING = NO;
				GENERATE_INFOPLIST_FILE = YES;
				INFOPLIST_KEY_UIApplicationSceneManifest_Generation = YES;
				INFOPLIST_KEY_UIApplicationSupportsIndirectInputEvents = YES;
				INFOPLIST_KEY_UILaunchScreen_Generation = YES;
				INFOPLIST_KEY_UISupportedInterfaceOrientations_iPad = "UIInterfaceOrientationPortrait UIInterfaceOrientationPortraitUpsideDown UIInterfaceOrientationLandscapeLeft UIInterfaceOrientationLandscapeRight";
				INFOPLIST_KEY_UISupportedInterfaceOrientations_iPhone = "UIInterfaceOrientationPortrait UIInterfaceOrientationLandscapeLeft UIInterfaceOrientationLandscapeRight";
				LD_RUNPATH_SEARCH_PATHS = (
					"$(inherited)",
					"@executable_path/Frameworks",
				);
				MARKETING_VERSION = 1.0;
				PRODUCT_BUNDLE_IDENTIFIER = "Dimas.Note-App-iOS";
				PRODUCT_NAME = "$(TARGET_NAME)";
				SWIFT_EMIT_LOC_STRINGS = YES;
				SWIFT_VERSION = 5.0;
				TARGETED_DEVICE_FAMILY = "1,2";
			};
			name = Debug;
		};
		A5B4F1072C0A3E7B004F176F /* Release */ = {
			isa = XCBuildConfiguration;
			baseConfigurationReference = 8DEAFA117D7860F9CB4F38A5 /* Pods-Note-App-iOS.release.xcconfig */;
			buildSettings = {
				ASSETCATALOG_COMPILER_APPICON_NAME = AppIcon;
				ASSETCATALOG_COMPILER_GLOBAL_ACCENT_COLOR_NAME = AccentColor;
				CODE_SIGN_STYLE = Automatic;
				CURRENT_PROJECT_VERSION = 1;
				DEVELOPMENT_ASSET_PATHS = "\"Note-App-iOS/Preview Content\"";
				DEVELOPMENT_TEAM = 75VHUVZJF4;
				ENABLE_PREVIEWS = YES;
				ENABLE_USER_SCRIPT_SANDBOXING = NO;
				GENERATE_INFOPLIST_FILE = YES;
				INFOPLIST_KEY_UIApplicationSceneManifest_Generation = YES;
				INFOPLIST_KEY_UIApplicationSupportsIndirectInputEvents = YES;
				INFOPLIST_KEY_UILaunchScreen_Generation = YES;
				INFOPLIST_KEY_UISupportedInterfaceOrientations_iPad = "UIInterfaceOrientationPortrait UIInterfaceOrientationPortraitUpsideDown UIInterfaceOrientationLandscapeLeft UIInterfaceOrientationLandscapeRight";
				INFOPLIST_KEY_UISupportedInterfaceOrientations_iPhone = "UIInterfaceOrientationPortrait UIInterfaceOrientationLandscapeLeft UIInterfaceOrientationLandscapeRight";
				LD_RUNPATH_SEARCH_PATHS = (
					"$(inherited)",
					"@executable_path/Frameworks",
				);
				MARKETING_VERSION = 1.0;
				PRODUCT_BUNDLE_IDENTIFIER = "Dimas.Note-App-iOS";
				PRODUCT_NAME = "$(TARGET_NAME)";
				SWIFT_EMIT_LOC_STRINGS = YES;
				SWIFT_VERSION = 5.0;
				TARGETED_DEVICE_FAMILY = "1,2";
			};
			name = Release;
		};
		A5B4F1092C0A3E7B004F176F /* Debug */ = {
			isa = XCBuildConfiguration;
			baseConfigurationReference = F0A3C22E951364C644BAA16E /* Pods-Note-App-iOSTests.debug.xcconfig */;
			buildSettings = {
				ALWAYS_EMBED_SWIFT_STANDARD_LIBRARIES = YES;
				BUNDLE_LOADER = "$(TEST_HOST)";
				CODE_SIGN_STYLE = Automatic;
				CURRENT_PROJECT_VERSION = 1;
				DEVELOPMENT_TEAM = 75VHUVZJF4;
				ENABLE_USER_SCRIPT_SANDBOXING = NO;
				GENERATE_INFOPLIST_FILE = YES;
				IPHONEOS_DEPLOYMENT_TARGET = 17.0;
				MARKETING_VERSION = 1.0;
				PRODUCT_BUNDLE_IDENTIFIER = "Dimas.Note-App-iOSTests";
				PRODUCT_NAME = "$(TARGET_NAME)";
				SWIFT_EMIT_LOC_STRINGS = NO;
				SWIFT_VERSION = 5.0;
				TARGETED_DEVICE_FAMILY = "1,2";
				TEST_HOST = "$(BUILT_PRODUCTS_DIR)/Note-App-iOS.app/$(BUNDLE_EXECUTABLE_FOLDER_PATH)/Note-App-iOS";
			};
			name = Debug;
		};
		A5B4F10A2C0A3E7B004F176F /* Release */ = {
			isa = XCBuildConfiguration;
			baseConfigurationReference = 284AC1F1AD19290F215A32BA /* Pods-Note-App-iOSTests.release.xcconfig */;
			buildSettings = {
				ALWAYS_EMBED_SWIFT_STANDARD_LIBRARIES = YES;
				BUNDLE_LOADER = "$(TEST_HOST)";
				CODE_SIGN_STYLE = Automatic;
				CURRENT_PROJECT_VERSION = 1;
				DEVELOPMENT_TEAM = 75VHUVZJF4;
				ENABLE_USER_SCRIPT_SANDBOXING = NO;
				GENERATE_INFOPLIST_FILE = YES;
				IPHONEOS_DEPLOYMENT_TARGET = 17.0;
				MARKETING_VERSION = 1.0;
				PRODUCT_BUNDLE_IDENTIFIER = "Dimas.Note-App-iOSTests";
				PRODUCT_NAME = "$(TARGET_NAME)";
				SWIFT_EMIT_LOC_STRINGS = NO;
				SWIFT_VERSION = 5.0;
				TARGETED_DEVICE_FAMILY = "1,2";
				TEST_HOST = "$(BUILT_PRODUCTS_DIR)/Note-App-iOS.app/$(BUNDLE_EXECUTABLE_FOLDER_PATH)/Note-App-iOS";
			};
			name = Release;
		};
		A5B4F10C2C0A3E7B004F176F /* Debug */ = {
			isa = XCBuildConfiguration;
			baseConfigurationReference = 7E0C1101B4A7C44FEDD19A12 /* Pods-Note-App-iOS-Note-App-iOSUITests.debug.xcconfig */;
			buildSettings = {
				ALWAYS_EMBED_SWIFT_STANDARD_LIBRARIES = YES;
				CODE_SIGN_STYLE = Automatic;
				CURRENT_PROJECT_VERSION = 1;
				DEVELOPMENT_TEAM = 75VHUVZJF4;
				ENABLE_USER_SCRIPT_SANDBOXING = NO;
				GENERATE_INFOPLIST_FILE = YES;
				MARKETING_VERSION = 1.0;
				PRODUCT_BUNDLE_IDENTIFIER = "Dimas.Note-App-iOSUITests";
				PRODUCT_NAME = "$(TARGET_NAME)";
				SWIFT_EMIT_LOC_STRINGS = NO;
				SWIFT_VERSION = 5.0;
				TARGETED_DEVICE_FAMILY = "1,2";
				TEST_TARGET_NAME = "Note-App-iOS";
			};
			name = Debug;
		};
		A5B4F10D2C0A3E7B004F176F /* Release */ = {
			isa = XCBuildConfiguration;
			baseConfigurationReference = 52608CC8662F305E9CA521E1 /* Pods-Note-App-iOS-Note-App-iOSUITests.release.xcconfig */;
			buildSettings = {
				ALWAYS_EMBED_SWIFT_STANDARD_LIBRARIES = YES;
				CODE_SIGN_STYLE = Automatic;
				CURRENT_PROJECT_VERSION = 1;
				DEVELOPMENT_TEAM = 75VHUVZJF4;
				ENABLE_USER_SCRIPT_SANDBOXING = NO;
				GENERATE_INFOPLIST_FILE = YES;
				MARKETING_VERSION = 1.0;
				PRODUCT_BUNDLE_IDENTIFIER = "Dimas.Note-App-iOSUITests";
				PRODUCT_NAME = "$(TARGET_NAME)";
				SWIFT_EMIT_LOC_STRINGS = NO;
				SWIFT_VERSION = 5.0;
				TARGETED_DEVICE_FAMILY = "1,2";
				TEST_TARGET_NAME = "Note-App-iOS";
			};
			name = Release;
		};
/* End XCBuildConfiguration section */

/* Begin XCConfigurationList section */
		A5B4F0DC2C0A3E7A004F176F /* Build configuration list for PBXProject "Note-App-iOS" */ = {
			isa = XCConfigurationList;
			buildConfigurations = (
				A5B4F1032C0A3E7B004F176F /* Debug */,
				A5B4F1042C0A3E7B004F176F /* Release */,
			);
			defaultConfigurationIsVisible = 0;
			defaultConfigurationName = Release;
		};
		A5B4F1052C0A3E7B004F176F /* Build configuration list for PBXNativeTarget "Note-App-iOS" */ = {
			isa = XCConfigurationList;
			buildConfigurations = (
				A5B4F1062C0A3E7B004F176F /* Debug */,
				A5B4F1072C0A3E7B004F176F /* Release */,
			);
			defaultConfigurationIsVisible = 0;
			defaultConfigurationName = Release;
		};
		A5B4F1082C0A3E7B004F176F /* Build configuration list for PBXNativeTarget "Note-App-iOSTests" */ = {
			isa = XCConfigurationList;
			buildConfigurations = (
				A5B4F1092C0A3E7B004F176F /* Debug */,
				A5B4F10A2C0A3E7B004F176F /* Release */,
			);
			defaultConfigurationIsVisible = 0;
			defaultConfigurationName = Release;
		};
		A5B4F10B2C0A3E7B004F176F /* Build configuration list for PBXNativeTarget "Note-App-iOSUITests" */ = {
			isa = XCConfigurationList;
			buildConfigurations = (
				A5B4F10C2C0A3E7B004F176F /* Debug */,
				A5B4F10D2C0A3E7B004F176F /* Release */,
			);
			defaultConfigurationIsVisible = 0;
			defaultConfigurationName = Release;
		};
/* End XCConfigurationList section */
	};
	rootObject = A5B4F0D92C0A3E7A004F176F /* Project object */;
}
